
Microsoft Visual Studio Solution File, Format Version 12.00
# Visual Studio Version 17
VisualStudioVersion = 17.3.32922.545
MinimumVisualStudioVersion = 10.0.40219.1
Project("{9A19103F-16F7-4668-BE54-9A1E7A4F7556}") = "Stage0", "Stage0\Stage0.csproj", "{46C3EB67-CB34-4149-BF94-4BD0FB88D821}"
EndProject
Project("{9A19103F-16F7-4668-BE54-9A1E7A4F7556}") = "DalFacade", "DalFacade\DalFacade.csproj", "{0265E1B5-5EA0-45CC-87CA-C4C4C395C20D}"
EndProject
Project("{9A19103F-16F7-4668-BE54-9A1E7A4F7556}") = "DalList", "DalList\DalList.csproj", "{46777313-A390-4C37-A561-03E74AFF0A09}"
EndProject
Project("{9A19103F-16F7-4668-BE54-9A1E7A4F7556}") = "DalTest", "DalTest\DalTest.csproj", "{90738432-E06E-40ED-966C-A8CCCAA12499}"
EndProject
Project("{2150E333-8FDC-42A3-9474-1A3956D46DE8}") = "Solution Items", "Solution Items", "{8D60D290-D514-457D-8A2E-2EE996E7C243}"
	ProjectSection(SolutionItems) = preProject
		.editorconfig = .editorconfig
	EndProjectSection
EndProject
Global
	GlobalSection(SolutionConfigurationPlatforms) = preSolution
		Debug|Any CPU = Debug|Any CPU
		Release|Any CPU = Release|Any CPU
	EndGlobalSection
	GlobalSection(ProjectConfigurationPlatforms) = postSolution
		{46C3EB67-CB34-4149-BF94-4BD0FB88D821}.Debug|Any CPU.ActiveCfg = Debug|Any CPU
		{46C3EB67-CB34-4149-BF94-4BD0FB88D821}.Debug|Any CPU.Build.0 = Debug|Any CPU
		{46C3EB67-CB34-4149-BF94-4BD0FB88D821}.Release|Any CPU.ActiveCfg = Release|Any CPU
		{46C3EB67-CB34-4149-BF94-4BD0FB88D821}.Release|Any CPU.Build.0 = Release|Any CPU
		{0265E1B5-5EA0-45CC-87CA-C4C4C395C20D}.Debug|Any CPU.ActiveCfg = Debug|Any CPU
		{0265E1B5-5EA0-45CC-87CA-C4C4C395C20D}.Debug|Any CPU.Build.0 = Debug|Any CPU
		{0265E1B5-5EA0-45CC-87CA-C4C4C395C20D}.Release|Any CPU.ActiveCfg = Release|Any CPU
		{0265E1B5-5EA0-45CC-87CA-C4C4C395C20D}.Release|Any CPU.Build.0 = Release|Any CPU
		{46777313-A390-4C37-A561-03E74AFF0A09}.Debug|Any CPU.ActiveCfg = Debug|Any CPU
		{46777313-A390-4C37-A561-03E74AFF0A09}.Debug|Any CPU.Build.0 = Debug|Any CPU
		{46777313-A390-4C37-A561-03E74AFF0A09}.Release|Any CPU.ActiveCfg = Release|Any CPU
		{46777313-A390-4C37-A561-03E74AFF0A09}.Release|Any CPU.Build.0 = Release|Any CPU
		{90738432-E06E-40ED-966C-A8CCCAA12499}.Debug|Any CPU.ActiveCfg = Debug|Any CPU
		{90738432-E06E-40ED-966C-A8CCCAA12499}.Debug|Any CPU.Build.0 = Debug|Any CPU
		{90738432-E06E-40ED-966C-A8CCCAA12499}.Release|Any CPU.ActiveCfg = Release|Any CPU
		{90738432-E06E-40ED-966C-A8CCCAA12499}.Release|Any CPU.Build.0 = Release|Any CPU
	EndGlobalSection
	GlobalSection(SolutionProperties) = preSolution
		HideSolutionNode = FALSE
	EndGlobalSection
	GlobalSection(ExtensibilityGlobals) = postSolution
		SolutionGuid = {8CB376DE-0F9E-4D35-BEEF-FB4A8BB764DA}
	EndGlobalSection
EndGlobal
